
Microsoft Visual Studio Solution File, Format Version 12.00
# Visual Studio 15
VisualStudioVersion = 15.0.27004.2009
MinimumVisualStudioVersion = 10.0.40219.1
Project("{F184B08F-C81C-45F6-A57F-5ABD9991F28F}") = "Entidades", "Practica final\Entidades.vbproj", "{09773FDB-862E-482D-A573-40EE953DC0A3}"
EndProject
Project("{F184B08F-C81C-45F6-A57F-5ABD9991F28F}") = "EntidadesTest", "EntidadesTest\EntidadesTest.vbproj", "{63472359-0FB7-4A3B-B464-4B905366D713}"
EndProject
Global
	GlobalSection(SolutionConfigurationPlatforms) = preSolution
		Debug|Any CPU = Debug|Any CPU
		Release|Any CPU = Release|Any CPU
	EndGlobalSection
	GlobalSection(ProjectConfigurationPlatforms) = postSolution
		{09773FDB-862E-482D-A573-40EE953DC0A3}.Debug|Any CPU.ActiveCfg = Debug|Any CPU
		{09773FDB-862E-482D-A573-40EE953DC0A3}.Debug|Any CPU.Build.0 = Debug|Any CPU
		{09773FDB-862E-482D-A573-40EE953DC0A3}.Release|Any CPU.ActiveCfg = Release|Any CPU
		{09773FDB-862E-482D-A573-40EE953DC0A3}.Release|Any CPU.Build.0 = Release|Any CPU
		{63472359-0FB7-4A3B-B464-4B905366D713}.Debug|Any CPU.ActiveCfg = Debug|Any CPU
		{63472359-0FB7-4A3B-B464-4B905366D713}.Debug|Any CPU.Build.0 = Debug|Any CPU
		{63472359-0FB7-4A3B-B464-4B905366D713}.Release|Any CPU.ActiveCfg = Release|Any CPU
		{63472359-0FB7-4A3B-B464-4B905366D713}.Release|Any CPU.Build.0 = Release|Any CPU
	EndGlobalSection
	GlobalSection(SolutionProperties) = preSolution
		HideSolutionNode = FALSE
	EndGlobalSection
	GlobalSection(ExtensibilityGlobals) = postSolution
		SolutionGuid = {85B3CAF4-58AC-4D0F-8918-479FA697272B}
	EndGlobalSection
EndGlobal
